
Microsoft Visual Studio Solution File, Format Version 12.00
# Visual Studio 2012
Project("{FAE04EC0-301F-11D3-BF4B-00C04F79EFBC}") = "TDDAir", "TDDAir\TDDAir.csproj", "{386F7408-0C06-497C-B13F-00439289F951}"
EndProject
Project("{FAE04EC0-301F-11D3-BF4B-00C04F79EFBC}") = "TDDAir.Tests", "TDDAir.Tests\TDDAir.Tests.csproj", "{A9125648-B581-4FED-A9BA-883B6926C4E1}"
EndProject
Global
	GlobalSection(SolutionConfigurationPlatforms) = preSolution
		Debug|Any CPU = Debug|Any CPU
		Release|Any CPU = Release|Any CPU
	EndGlobalSection
	GlobalSection(ProjectConfigurationPlatforms) = postSolution
		{386F7408-0C06-497C-B13F-00439289F951}.Debug|Any CPU.ActiveCfg = Debug|Any CPU
		{386F7408-0C06-497C-B13F-00439289F951}.Debug|Any CPU.Build.0 = Debug|Any CPU
		{386F7408-0C06-497C-B13F-00439289F951}.Release|Any CPU.ActiveCfg = Release|Any CPU
		{386F7408-0C06-497C-B13F-00439289F951}.Release|Any CPU.Build.0 = Release|Any CPU
		{A9125648-B581-4FED-A9BA-883B6926C4E1}.Debug|Any CPU.ActiveCfg = Debug|Any CPU
		{A9125648-B581-4FED-A9BA-883B6926C4E1}.Debug|Any CPU.Build.0 = Debug|Any CPU
		{A9125648-B581-4FED-A9BA-883B6926C4E1}.Release|Any CPU.ActiveCfg = Release|Any CPU
		{A9125648-B581-4FED-A9BA-883B6926C4E1}.Release|Any CPU.Build.0 = Release|Any CPU
	EndGlobalSection
	GlobalSection(SolutionProperties) = preSolution
		HideSolutionNode = FALSE
	EndGlobalSection
EndGlobal
